
Microsoft Visual Studio Solution File, Format Version 12.00
# Visual Studio Version 16
VisualStudioVersion = 16.0.29709.97
MinimumVisualStudioVersion = 10.0.40219.1
Project("{FAE04EC0-301F-11D3-BF4B-00C04F79EFBC}") = "BackendPhotoItemsApp", "BackendPhotoItemsApp.csproj", "{21EFC2CA-A477-48A3-BE82-A9D5494E592F}"
EndProject
Global
	GlobalSection(SolutionConfigurationPlatforms) = preSolution
		Debug|Any CPU = Debug|Any CPU
		Release|Any CPU = Release|Any CPU
	EndGlobalSection
	GlobalSection(ProjectConfigurationPlatforms) = postSolution
		{21EFC2CA-A477-48A3-BE82-A9D5494E592F}.Debug|Any CPU.ActiveCfg = Debug|Any CPU
		{21EFC2CA-A477-48A3-BE82-A9D5494E592F}.Debug|Any CPU.Build.0 = Debug|Any CPU
		{21EFC2CA-A477-48A3-BE82-A9D5494E592F}.Release|Any CPU.ActiveCfg = Release|Any CPU
		{21EFC2CA-A477-48A3-BE82-A9D5494E592F}.Release|Any CPU.Build.0 = Release|Any CPU
	EndGlobalSection
	GlobalSection(SolutionProperties) = preSolution
		HideSolutionNode = FALSE
	EndGlobalSection
	GlobalSection(ExtensibilityGlobals) = postSolution
		SolutionGuid = {1DFC2128-617D-46A4-8ECB-ADA3881C417E}
	EndGlobalSection
EndGlobal
